
Microsoft Visual Studio Solution File, Format Version 12.00
# Visual Studio 15
VisualStudioVersion = 15.0.28307.572
MinimumVisualStudioVersion = 10.0.40219.1
Project("{FAE04EC0-301F-11D3-BF4B-00C04F79EFBC}") = "Online Point Of Sale System", "Online Point Of Sale System\Online Point Of Sale System.csproj", "{57139CE0-9542-4447-9515-A1DAE08D61C5}"
EndProject
Global
	GlobalSection(SolutionConfigurationPlatforms) = preSolution
		Debug|Any CPU = Debug|Any CPU
		Release|Any CPU = Release|Any CPU
	EndGlobalSection
	GlobalSection(ProjectConfigurationPlatforms) = postSolution
		{57139CE0-9542-4447-9515-A1DAE08D61C5}.Debug|Any CPU.ActiveCfg = Debug|Any CPU
		{57139CE0-9542-4447-9515-A1DAE08D61C5}.Debug|Any CPU.Build.0 = Debug|Any CPU
		{57139CE0-9542-4447-9515-A1DAE08D61C5}.Release|Any CPU.ActiveCfg = Release|Any CPU
		{57139CE0-9542-4447-9515-A1DAE08D61C5}.Release|Any CPU.Build.0 = Release|Any CPU
	EndGlobalSection
	GlobalSection(SolutionProperties) = preSolution
		HideSolutionNode = FALSE
	EndGlobalSection
	GlobalSection(ExtensibilityGlobals) = postSolution
		SolutionGuid = {4CFA1B40-9DDE-474D-84C1-4CC33F4EB6FD}
	EndGlobalSection
EndGlobal
